// !$*UTF8*$!
{
	archiveVersion = 1;
	classes = {
	};
	objectVersion = 55;
	objects = {

/* Begin PBXBuildFile section */
		DFCBAC922831056500A686B3 /* libKidozSDK_IronSourceAdapter-v8.9.1_1.1.0.a in Frameworks */ = {isa = PBXBuildFile; fileRef = DFCBAC912831056500A686B3 /* libKidozSDK_IronSourceAdapter-v8.9.1_1.1.0.a */; };
		DFEAFB3D27C64EF400325195 /* AppDelegate.swift in Sources */ = {isa = PBXBuildFile; fileRef = DFEAFB3C27C64EF400325195 /* AppDelegate.swift */; };
		DFEAFB3F27C64EF400325195 /* SceneDelegate.swift in Sources */ = {isa = PBXBuildFile; fileRef = DFEAFB3E27C64EF400325195 /* SceneDelegate.swift */; };
		DFEAFB4127C64EF400325195 /* ViewController.swift in Sources */ = {isa = PBXBuildFile; fileRef = DFEAFB4027C64EF400325195 /* ViewController.swift */; };
		DFEAFB4427C64EF400325195 /* Main.storyboard in Resources */ = {isa = PBXBuildFile; fileRef = DFEAFB4227C64EF400325195 /* Main.storyboard */; };
		DFEAFB4627C64EF600325195 /* Assets.xcassets in Resources */ = {isa = PBXBuildFile; fileRef = DFEAFB4527C64EF600325195 /* Assets.xcassets */; };
		DFEAFB4927C64EF600325195 /* LaunchScreen.storyboard in Resources */ = {isa = PBXBuildFile; fileRef = DFEAFB4727C64EF600325195 /* LaunchScreen.storyboard */; };
		DFEAFB5327C6528000325195 /* Podfile in Resources */ = {isa = PBXBuildFile; fileRef = DFEAFB5227C6527F00325195 /* Podfile */; };
		DFEAFB5F27C6621000325195 /* IronSource.xcframework in Frameworks */ = {isa = PBXBuildFile; fileRef = DFEAFB5827C6550500325195 /* IronSource.xcframework */; };
/* End PBXBuildFile section */

/* Begin PBXFileReference section */
		008537D8F889547C4DDC8E4E /* Pods-KidozIronSourceSample.release.xcconfig */ = {isa = PBXFileReference; includeInIndex = 1; lastKnownFileType = text.xcconfig; name = "Pods-KidozIronSourceSample.release.xcconfig"; path = "Target Support Files/Pods-KidozIronSourceSample/Pods-KidozIronSourceSample.release.xcconfig"; sourceTree = "<group>"; };
		433006B09C61EAF05FE5574F /* Pods-KidozIronSourceSample.debug.xcconfig */ = {isa = PBXFileReference; includeInIndex = 1; lastKnownFileType = text.xcconfig; name = "Pods-KidozIronSourceSample.debug.xcconfig"; path = "Target Support Files/Pods-KidozIronSourceSample/Pods-KidozIronSourceSample.debug.xcconfig"; sourceTree = "<group>"; };
		DFCBAC912831056500A686B3 /* libKidozSDK_IronSourceAdapter-v8.9.1_1.1.0.a */ = {isa = PBXFileReference; lastKnownFileType = archive.ar; path = "libKidozSDK_IronSourceAdapter-v8.9.1_1.1.0.a"; sourceTree = "<group>"; };
		DFEAFB3927C64EF400325195 /* KidozIronSourceSample.app */ = {isa = PBXFileReference; explicitFileType = wrapper.application; includeInIndex = 0; path = KidozIronSourceSample.app; sourceTree = BUILT_PRODUCTS_DIR; };
		DFEAFB3C27C64EF400325195 /* AppDelegate.swift */ = {isa = PBXFileReference; lastKnownFileType = sourcecode.swift; path = AppDelegate.swift; sourceTree = "<group>"; };
		DFEAFB3E27C64EF400325195 /* SceneDelegate.swift */ = {isa = PBXFileReference; lastKnownFileType = sourcecode.swift; path = SceneDelegate.swift; sourceTree = "<group>"; };
		DFEAFB4027C64EF400325195 /* ViewController.swift */ = {isa = PBXFileReference; lastKnownFileType = sourcecode.swift; path = ViewController.swift; sourceTree = "<group>"; };
		DFEAFB4327C64EF400325195 /* Base */ = {isa = PBXFileReference; lastKnownFileType = file.storyboard; name = Base; path = Base.lproj/Main.storyboard; sourceTree = "<group>"; };
		DFEAFB4527C64EF600325195 /* Assets.xcassets */ = {isa = PBXFileReference; lastKnownFileType = folder.assetcatalog; path = Assets.xcassets; sourceTree = "<group>"; };
		DFEAFB4827C64EF600325195 /* Base */ = {isa = PBXFileReference; lastKnownFileType = file.storyboard; name = Base; path = Base.lproj/LaunchScreen.storyboard; sourceTree = "<group>"; };
		DFEAFB4A27C64EF600325195 /* Info.plist */ = {isa = PBXFileReference; lastKnownFileType = text.plist.xml; path = Info.plist; sourceTree = "<group>"; };
		DFEAFB5227C6527F00325195 /* Podfile */ = {isa = PBXFileReference; fileEncoding = 4; lastKnownFileType = text; path = Podfile; sourceTree = "<group>"; };
		DFEAFB5627C653A000325195 /* KidozSDK.h */ = {isa = PBXFileReference; lastKnownFileType = sourcecode.c.h; path = KidozSDK.h; sourceTree = "<group>"; };
		DFEAFB5727C6544500325195 /* Kidoz-Bridging-Header.h */ = {isa = PBXFileReference; lastKnownFileType = sourcecode.c.h; path = "Kidoz-Bridging-Header.h"; sourceTree = "<group>"; };
		DFEAFB5827C6550500325195 /* IronSource.xcframework */ = {isa = PBXFileReference; lastKnownFileType = wrapper.xcframework; name = IronSource.xcframework; path = Pods/IronSourceSDK/IronSource/IronSource.xcframework; sourceTree = "<group>"; };
/* End PBXFileReference section */

/* Begin PBXFrameworksBuildPhase section */
		DFEAFB3627C64EF400325195 /* Frameworks */ = {
			isa = PBXFrameworksBuildPhase;
			buildActionMask = 2147483647;
			files = (
				DFEAFB5F27C6621000325195 /* IronSource.xcframework in Frameworks */,
				DFCBAC922831056500A686B3 /* libKidozSDK_IronSourceAdapter-v8.9.1_1.1.0.a in Frameworks */,
			);
			runOnlyForDeploymentPostprocessing = 0;
		};
/* End PBXFrameworksBuildPhase section */

/* Begin PBXGroup section */
		039DF9D352F3BCA6A830337C /* Pods */ = {
			isa = PBXGroup;
			children = (
				433006B09C61EAF05FE5574F /* Pods-KidozIronSourceSample.debug.xcconfig */,
				008537D8F889547C4DDC8E4E /* Pods-KidozIronSourceSample.release.xcconfig */,
			);
			path = Pods;
			sourceTree = "<group>";
		};
		1587CB3F9D51EC7E4FCC3179 /* Frameworks */ = {
			isa = PBXGroup;
			children = (
				DFEAFB5827C6550500325195 /* IronSource.xcframework */,
			);
			name = Frameworks;
			sourceTree = "<group>";
		};
		DFEAFB3027C64EF400325195 = {
			isa = PBXGroup;
			children = (
				DFEAFB5227C6527F00325195 /* Podfile */,
				DFEAFB3B27C64EF400325195 /* KidozIronSourceSample */,
				DFEAFB3A27C64EF400325195 /* Products */,
				039DF9D352F3BCA6A830337C /* Pods */,
				1587CB3F9D51EC7E4FCC3179 /* Frameworks */,
			);
			sourceTree = "<group>";
		};
		DFEAFB3A27C64EF400325195 /* Products */ = {
			isa = PBXGroup;
			children = (
				DFEAFB3927C64EF400325195 /* KidozIronSourceSample.app */,
			);
			name = Products;
			sourceTree = "<group>";
		};
		DFEAFB3B27C64EF400325195 /* KidozIronSourceSample */ = {
			isa = PBXGroup;
			children = (
				DFEAFB5727C6544500325195 /* Kidoz-Bridging-Header.h */,
				DFEAFB5427C6530600325195 /* Kidoz */,
				DFEAFB3C27C64EF400325195 /* AppDelegate.swift */,
				DFEAFB3E27C64EF400325195 /* SceneDelegate.swift */,
				DFEAFB4027C64EF400325195 /* ViewController.swift */,
				DFEAFB4227C64EF400325195 /* Main.storyboard */,
				DFEAFB4527C64EF600325195 /* Assets.xcassets */,
				DFEAFB4727C64EF600325195 /* LaunchScreen.storyboard */,
				DFEAFB4A27C64EF600325195 /* Info.plist */,
			);
			path = KidozIronSourceSample;
			sourceTree = "<group>";
		};
		DFEAFB5427C6530600325195 /* Kidoz */ = {
			isa = PBXGroup;
			children = (
				DFCBAC912831056500A686B3 /* libKidozSDK_IronSourceAdapter-v8.9.1_1.1.0.a */,
				DFEAFB5627C653A000325195 /* KidozSDK.h */,
			);
			path = Kidoz;
			sourceTree = "<group>";
		};
/* End PBXGroup section */

/* Begin PBXNativeTarget section */
		DFEAFB3827C64EF400325195 /* KidozIronSourceSample */ = {
			isa = PBXNativeTarget;
			buildConfigurationList = DFEAFB4D27C64EF600325195 /* Build configuration list for PBXNativeTarget "KidozIronSourceSample" */;
			buildPhases = (
				403546DC15B15683D375B396 /* [CP] Check Pods Manifest.lock */,
				DFEAFB3527C64EF400325195 /* Sources */,
				DFEAFB3627C64EF400325195 /* Frameworks */,
				DFEAFB3727C64EF400325195 /* Resources */,
			);
			buildRules = (
			);
			dependencies = (
			);
			name = KidozIronSourceSample;
			productName = KidozIronSourceSample;
			productReference = DFEAFB3927C64EF400325195 /* KidozIronSourceSample.app */;
			productType = "com.apple.product-type.application";
		};
/* End PBXNativeTarget section */

/* Begin PBXProject section */
		DFEAFB3127C64EF400325195 /* Project object */ = {
			isa = PBXProject;
			attributes = {
				BuildIndependentTargetsInParallel = 1;
				LastSwiftUpdateCheck = 1320;
				LastUpgradeCheck = 1320;
				TargetAttributes = {
					DFEAFB3827C64EF400325195 = {
						CreatedOnToolsVersion = 13.2.1;
					};
				};
			};
			buildConfigurationList = DFEAFB3427C64EF400325195 /* Build configuration list for PBXProject "KidozIronSourceSample" */;
			compatibilityVersion = "Xcode 13.0";
			developmentRegion = en;
			hasScannedForEncodings = 0;
			knownRegions = (
				en,
				Base,
			);
			mainGroup = DFEAFB3027C64EF400325195;
			productRefGroup = DFEAFB3A27C64EF400325195 /* Products */;
			projectDirPath = "";
			projectRoot = "";
			targets = (
				DFEAFB3827C64EF400325195 /* KidozIronSourceSample */,
			);
		};
/* End PBXProject section */

/* Begin PBXResourcesBuildPhase section */
		DFEAFB3727C64EF400325195 /* Resources */ = {
			isa = PBXResourcesBuildPhase;
			buildActionMask = 2147483647;
			files = (
				DFEAFB4927C64EF600325195 /* LaunchScreen.storyboard in Resources */,
				DFEAFB4627C64EF600325195 /* Assets.xcassets in Resources */,
				DFEAFB5327C6528000325195 /* Podfile in Resources */,
				DFEAFB4427C64EF400325195 /* Main.storyboard in Resources */,
			);
			runOnlyForDeploymentPostprocessing = 0;
		};
/* End PBXResourcesBuildPhase section */

/* Begin PBXShellScriptBuildPhase section */
		403546DC15B15683D375B396 /* [CP] Check Pods Manifest.lock */ = {
			isa = PBXShellScriptBuildPhase;
			buildActionMask = 2147483647;
			files = (
			);
			inputFileListPaths = (
			);
			inputPaths = (
				"${PODS_PODFILE_DIR_PATH}/Podfile.lock",
				"${PODS_ROOT}/Manifest.lock",
			);
			name = "[CP] Check Pods Manifest.lock";
			outputFileListPaths = (
			);
			outputPaths = (
				"$(DERIVED_FILE_DIR)/Pods-KidozIronSourceSample-checkManifestLockResult.txt",
			);
			runOnlyForDeploymentPostprocessing = 0;
			shellPath = /bin/sh;
			shellScript = "diff \"${PODS_PODFILE_DIR_PATH}/Podfile.lock\" \"${PODS_ROOT}/Manifest.lock\" > /dev/null\nif [ $? != 0 ] ; then\n    # print error to STDERR\n    echo \"error: The sandbox is not in sync with the Podfile.lock. Run 'pod install' or update your CocoaPods installation.\" >&2\n    exit 1\nfi\n# This output is used by Xcode 'outputs' to avoid re-running this script phase.\necho \"SUCCESS\" > \"${SCRIPT_OUTPUT_FILE_0}\"\n";
			showEnvVarsInLog = 0;
		};
/* End PBXShellScriptBuildPhase section */

/* Begin PBXSourcesBuildPhase section */
		DFEAFB3527C64EF400325195 /* Sources */ = {
			isa = PBXSourcesBuildPhase;
			buildActionMask = 2147483647;
			files = (
				DFEAFB4127C64EF400325195 /* ViewController.swift in Sources */,
				DFEAFB3D27C64EF400325195 /* AppDelegate.swift in Sources */,
				DFEAFB3F27C64EF400325195 /* SceneDelegate.swift in Sources */,
			);
			runOnlyForDeploymentPostprocessing = 0;
		};
/* End PBXSourcesBuildPhase section */

/* Begin PBXVariantGroup section */
		DFEAFB4227C64EF400325195 /* Main.storyboard */ = {
			isa = PBXVariantGroup;
			children = (
				DFEAFB4327C64EF400325195 /* Base */,
			);
			name = Main.storyboard;
			sourceTree = "<group>";
		};
		DFEAFB4727C64EF600325195 /* LaunchScreen.storyboard */ = {
			isa = PBXVariantGroup;
			children = (
				DFEAFB4827C64EF600325195 /* Base */,
			);
			name = LaunchScreen.storyboard;
			sourceTree = "<group>";
		};
/* End PBXVariantGroup section */

/* Begin XCBuildConfiguration section */
		DFEAFB4B27C64EF600325195 /* Debug */ = {
			isa = XCBuildConfiguration;
			buildSettings = {
				ALWAYS_SEARCH_USER_PATHS = NO;
				CLANG_ANALYZER_NONNULL = YES;
				CLANG_ANALYZER_NUMBER_OBJECT_CONVERSION = YES_AGGRESSIVE;
				CLANG_CXX_LANGUAGE_STANDARD = "gnu++17";
				CLANG_CXX_LIBRARY = "libc++";
				CLANG_ENABLE_MODULES = YES;
				CLANG_ENABLE_OBJC_ARC = YES;
				CLANG_ENABLE_OBJC_WEAK = YES;
				CLANG_WARN_BLOCK_CAPTURE_AUTORELEASING = YES;
				CLANG_WARN_BOOL_CONVERSION = YES;
				CLANG_WARN_COMMA = YES;
				CLANG_WARN_CONSTANT_CONVERSION = YES;
				CLANG_WARN_DEPRECATED_OBJC_IMPLEMENTATIONS = YES;
				CLANG_WARN_DIRECT_OBJC_ISA_USAGE = YES_ERROR;
				CLANG_WARN_DOCUMENTATION_COMMENTS = YES;
				CLANG_WARN_EMPTY_BODY = YES;
				CLANG_WARN_ENUM_CONVERSION = YES;
				CLANG_WARN_INFINITE_RECURSION = YES;
				CLANG_WARN_INT_CONVERSION = YES;
				CLANG_WARN_NON_LITERAL_NULL_CONVERSION = YES;
				CLANG_WARN_OBJC_IMPLICIT_RETAIN_SELF = YES;
				CLANG_WARN_OBJC_LITERAL_CONVERSION = YES;
				CLANG_WARN_OBJC_ROOT_CLASS = YES_ERROR;
				CLANG_WARN_QUOTED_INCLUDE_IN_FRAMEWORK_HEADER = YES;
				CLANG_WARN_RANGE_LOOP_ANALYSIS = YES;
				CLANG_WARN_STRICT_PROTOTYPES = YES;
				CLANG_WARN_SUSPICIOUS_MOVE = YES;
				CLANG_WARN_UNGUARDED_AVAILABILITY = YES_AGGRESSIVE;
				CLANG_WARN_UNREACHABLE_CODE = YES;
				CLANG_WARN__DUPLICATE_METHOD_MATCH = YES;
				COPY_PHASE_STRIP = NO;
				DEBUG_INFORMATION_FORMAT = dwarf;
				ENABLE_STRICT_OBJC_MSGSEND = YES;
				ENABLE_TESTABILITY = YES;
				GCC_C_LANGUAGE_STANDARD = gnu11;
				GCC_DYNAMIC_NO_PIC = NO;
				GCC_NO_COMMON_BLOCKS = YES;
				GCC_OPTIMIZATION_LEVEL = 0;
				GCC_PREPROCESSOR_DEFINITIONS = (
					"DEBUG=1",
					"$(inherited)",
				);
				GCC_WARN_64_TO_32_BIT_CONVERSION = YES;
				GCC_WARN_ABOUT_RETURN_TYPE = YES_ERROR;
				GCC_WARN_UNDECLARED_SELECTOR = YES;
				GCC_WARN_UNINITIALIZED_AUTOS = YES_AGGRESSIVE;
				GCC_WARN_UNUSED_FUNCTION = YES;
				GCC_WARN_UNUSED_VARIABLE = YES;
				IPHONEOS_DEPLOYMENT_TARGET = 15.2;
				MTL_ENABLE_DEBUG_INFO = INCLUDE_SOURCE;
				MTL_FAST_MATH = YES;
				ONLY_ACTIVE_ARCH = YES;
				OTHER_LDFLAGS = "-lc++";
				SDKROOT = iphoneos;
				SWIFT_ACTIVE_COMPILATION_CONDITIONS = DEBUG;
				SWIFT_OPTIMIZATION_LEVEL = "-Onone";
			};
			name = Debug;
		};
		DFEAFB4C27C64EF600325195 /* Release */ = {
			isa = XCBuildConfiguration;
			buildSettings = {
				ALWAYS_SEARCH_USER_PATHS = NO;
				CLANG_ANALYZER_NONNULL = YES;
				CLANG_ANALYZER_NUMBER_OBJECT_CONVERSION = YES_AGGRESSIVE;
				CLANG_CXX_LANGUAGE_STANDARD = "gnu++17";
				CLANG_CXX_LIBRARY = "libc++";
				CLANG_ENABLE_MODULES = YES;
				CLANG_ENABLE_OBJC_ARC = YES;
				CLANG_ENABLE_OBJC_WEAK = YES;
				CLANG_WARN_BLOCK_CAPTURE_AUTORELEASING = YES;
				CLANG_WARN_BOOL_CONVERSION = YES;
				CLANG_WARN_COMMA = YES;
				CLANG_WARN_CONSTANT_CONVERSION = YES;
				CLANG_WARN_DEPRECATED_OBJC_IMPLEMENTATIONS = YES;
				CLANG_WARN_DIRECT_OBJC_ISA_USAGE = YES_ERROR;
				CLANG_WARN_DOCUMENTATION_COMMENTS = YES;
				CLANG_WARN_EMPTY_BODY = YES;
				CLANG_WARN_ENUM_CONVERSION = YES;
				CLANG_WARN_INFINITE_RECURSION = YES;
				CLANG_WARN_INT_CONVERSION = YES;
				CLANG_WARN_NON_LITERAL_NULL_CONVERSION = YES;
				CLANG_WARN_OBJC_IMPLICIT_RETAIN_SELF = YES;
				CLANG_WARN_OBJC_LITERAL_CONVERSION = YES;
				CLANG_WARN_OBJC_ROOT_CLASS = YES_ERROR;
				CLANG_WARN_QUOTED_INCLUDE_IN_FRAMEWORK_HEADER = YES;
				CLANG_WARN_RANGE_LOOP_ANALYSIS = YES;
				CLANG_WARN_STRICT_PROTOTYPES = YES;
				CLANG_WARN_SUSPICIOUS_MOVE = YES;
				CLANG_WARN_UNGUARDED_AVAILABILITY = YES_AGGRESSIVE;
				CLANG_WARN_UNREACHABLE_CODE = YES;
				CLANG_WARN__DUPLICATE_METHOD_MATCH = YES;
				COPY_PHASE_STRIP = NO;
				DEBUG_INFORMATION_FORMAT = "dwarf-with-dsym";
				ENABLE_NS_ASSERTIONS = NO;
				ENABLE_STRICT_OBJC_MSGSEND = YES;
				GCC_C_LANGUAGE_STANDARD = gnu11;
				GCC_NO_COMMON_BLOCKS = YES;
				GCC_WARN_64_TO_32_BIT_CONVERSION = YES;
				GCC_WARN_ABOUT_RETURN_TYPE = YES_ERROR;
				GCC_WARN_UNDECLARED_SELECTOR = YES;
				GCC_WARN_UNINITIALIZED_AUTOS = YES_AGGRESSIVE;
				GCC_WARN_UNUSED_FUNCTION = YES;
				GCC_WARN_UNUSED_VARIABLE = YES;
				IPHONEOS_DEPLOYMENT_TARGET = 15.2;
				MTL_ENABLE_DEBUG_INFO = NO;
				MTL_FAST_MATH = YES;
				OTHER_LDFLAGS = "-lc++";
				SDKROOT = iphoneos;
				SWIFT_COMPILATION_MODE = wholemodule;
				SWIFT_OPTIMIZATION_LEVEL = "-O";
				VALIDATE_PRODUCT = YES;
			};
			name = Release;
		};
		DFEAFB4E27C64EF600325195 /* Debug */ = {
			isa = XCBuildConfiguration;
			baseConfigurationReference = 433006B09C61EAF05FE5574F /* Pods-KidozIronSourceSample.debug.xcconfig */;
			buildSettings = {
				ASSETCATALOG_COMPILER_APPICON_NAME = AppIcon;
				ASSETCATALOG_COMPILER_GLOBAL_ACCENT_COLOR_NAME = AccentColor;
				CODE_SIGN_STYLE = Automatic;
				CURRENT_PROJECT_VERSION = 1;
				DEVELOPMENT_TEAM = V79KVWWJ4G;
				FRAMEWORK_SEARCH_PATHS = (
					"$(inherited)",
					"$(PROJECT_DIR)/Pods/IronSourceSDK/IronSource",
				);
				GENERATE_INFOPLIST_FILE = YES;
				INFOPLIST_FILE = KidozIronSourceSample/Info.plist;
				INFOPLIST_KEY_UIApplicationSupportsIndirectInputEvents = YES;
				INFOPLIST_KEY_UILaunchStoryboardName = LaunchScreen;
				INFOPLIST_KEY_UIMainStoryboardFile = Main;
				INFOPLIST_KEY_UISupportedInterfaceOrientations_iPad = "UIInterfaceOrientationPortrait UIInterfaceOrientationPortraitUpsideDown UIInterfaceOrientationLandscapeLeft UIInterfaceOrientationLandscapeRight";
				INFOPLIST_KEY_UISupportedInterfaceOrientations_iPhone = "UIInterfaceOrientationPortrait UIInterfaceOrientationLandscapeLeft UIInterfaceOrientationLandscapeRight";
				IPHONEOS_DEPLOYMENT_TARGET = 13.0;
				LD_RUNPATH_SEARCH_PATHS = (
					"$(inherited)",
					"@executable_path/Frameworks",
				);
				LIBRARY_SEARCH_PATHS = (
					"$(inherited)",
					"$(PROJECT_DIR)/KidozIronSourceSample/Kidoz",
				);
				MARKETING_VERSION = 1.0;
				PRODUCT_BUNDLE_IDENTIFIER = com.kidoz.ios.ironsource.sample;
				PRODUCT_NAME = "$(TARGET_NAME)";
				SWIFT_EMIT_LOC_STRINGS = YES;
				SWIFT_OBJC_BRIDGING_HEADER = "KidozIronSourceSample/Kidoz-Bridging-Header.h";
				SWIFT_VERSION = 5.0;
				TARGETED_DEVICE_FAMILY = "1,2";
			};
			name = Debug;
		};
		DFEAFB4F27C64EF600325195 /* Release */ = {
			isa = XCBuildConfiguration;
			baseConfigurationReference = 008537D8F889547C4DDC8E4E /* Pods-KidozIronSourceSample.release.xcconfig */;
			buildSettings = {
				ASSETCATALOG_COMPILER_APPICON_NAME = AppIcon;
				ASSETCATALOG_COMPILER_GLOBAL_ACCENT_COLOR_NAME = AccentColor;
				CODE_SIGN_STYLE = Automatic;
				CURRENT_PROJECT_VERSION = 1;
				DEVELOPMENT_TEAM = V79KVWWJ4G;
				FRAMEWORK_SEARCH_PATHS = (
					"$(inherited)",
					"$(PROJECT_DIR)/Pods/IronSourceSDK/IronSource",
				);
				GENERATE_INFOPLIST_FILE = YES;
				INFOPLIST_FILE = KidozIronSourceSample/Info.plist;
				INFOPLIST_KEY_UIApplicationSupportsIndirectInputEvents = YES;
				INFOPLIST_KEY_UILaunchStoryboardName = LaunchScreen;
				INFOPLIST_KEY_UIMainStoryboardFile = Main;
				INFOPLIST_KEY_UISupportedInterfaceOrientations_iPad = "UIInterfaceOrientationPortrait UIInterfaceOrientationPortraitUpsideDown UIInterfaceOrientationLandscapeLeft UIInterfaceOrientationLandscapeRight";
				INFOPLIST_KEY_UISupportedInterfaceOrientations_iPhone = "UIInterfaceOrientationPortrait UIInterfaceOrientationLandscapeLeft UIInterfaceOrientationLandscapeRight";
				IPHONEOS_DEPLOYMENT_TARGET = 13.0;
				LD_RUNPATH_SEARCH_PATHS = (
					"$(inherited)",
					"@executable_path/Frameworks",
				);
				LIBRARY_SEARCH_PATHS = (
					"$(inherited)",
					"$(PROJECT_DIR)/KidozIronSourceSample/Kidoz",
				);
				MARKETING_VERSION = 1.0;
				PRODUCT_BUNDLE_IDENTIFIER = com.kidoz.ios.ironsource.sample;
				PRODUCT_NAME = "$(TARGET_NAME)";
				SWIFT_EMIT_LOC_STRINGS = YES;
				SWIFT_OBJC_BRIDGING_HEADER = "KidozIronSourceSample/Kidoz-Bridging-Header.h";
				SWIFT_VERSION = 5.0;
				TARGETED_DEVICE_FAMILY = "1,2";
			};
			name = Release;
		};
/* End XCBuildConfiguration section */

/* Begin XCConfigurationList section */
		DFEAFB3427C64EF400325195 /* Build configuration list for PBXProject "KidozIronSourceSample" */ = {
			isa = XCConfigurationList;
			buildConfigurations = (
				DFEAFB4B27C64EF600325195 /* Debug */,
				DFEAFB4C27C64EF600325195 /* Release */,
			);
			defaultConfigurationIsVisible = 0;
			defaultConfigurationName = Release;
		};
		DFEAFB4D27C64EF600325195 /* Build configuration list for PBXNativeTarget "KidozIronSourceSample" */ = {
			isa = XCConfigurationList;
			buildConfigurations = (
				DFEAFB4E27C64EF600325195 /* Debug */,
				DFEAFB4F27C64EF600325195 /* Release */,
			);
			defaultConfigurationIsVisible = 0;
			defaultConfigurationName = Release;
		};
/* End XCConfigurationList section */
	};
	rootObject = DFEAFB3127C64EF400325195 /* Project object */;
}
